{
  "name": "pkg",
  "version": "1.0.0",
  "lockfileVersion": 3,
  "requires": true,
  "packages": {
    "": {
      "name": "pkg",
      "version": "1.0.0",
      "license": "MIT",
      "dependencies": {
        "@colayue/cc-comp-list-view": "^1.0.1",
        "@gamex/cc-comp-frame-animation": "^1.0.2",
        "@gamex/cc-comp-skeleton": "^1.0.3",
        "@gamex/cc-ctrl-rocker": "^1.0.0"
      }
    },
    "node_modules/@colayue/cc-comp-list-view": {
      "version": "1.0.1",
      "resolved": "https://registry.npmmirror.com/@colayue/cc-comp-list-view/-/cc-comp-list-view-1.0.1.tgz",
      "integrity": "sha512-ORoRpSNcVmXeUaoIIuK0pTVoWC+aZnYJnfDhXS/vwpXDJ8mjNqZGSssyRZPRyl9Fnb2Ds5nk8M80r/JYidM1qg==",
      "license": "MIT"
    },
    "node_modules/@gamex/cc-comp-frame-animation": {
      "version": "1.0.2",
      "resolved": "https://registry.npmmirror.com/@gamex/cc-comp-frame-animation/-/cc-comp-frame-animation-1.0.2.tgz",
      "integrity": "sha512-m3SHobRSzVqQgXdvms4ACC7S2jsdwe7mYIhEjF7zIXoP7XBklvgcJJdxDKwIwMEIgNY4/d2UpHMx9zfaa7d2JA==",
      "license": "MIT"
    },
    "node_modules/@gamex/cc-comp-skeleton": {
      "version": "1.0.3",
      "resolved": "https://registry.npmmirror.com/@gamex/cc-comp-skeleton/-/cc-comp-skeleton-1.0.3.tgz",
      "integrity": "sha512-ViYX1rpZs6gjVsVaTcbu7DsHMoNI05FXULgFxiSM5zgufCG3/lfNKPqFnbFiO7ynB4GH8eNKdhctDBHelZRcTA==",
      "license": "MIT"
    },
    "node_modules/@gamex/cc-ctrl-rocker": {
      "version": "1.0.0",
      "resolved": "https://registry.npmmirror.com/@gamex/cc-ctrl-rocker/-/cc-ctrl-rocker-1.0.0.tgz",
      "integrity": "sha512-IwQ+bIA6+sR5c9RB7DkUWdB9alNQ/UkiSKxX/Rqtmx/NKwvRyoYg+IdoKuFXXY4KhVo7f+TMa/vvE/+ms8J9lw==",
      "license": "MIT"
    }
  }
}
